
Microsoft Visual Studio Solution File, Format Version 12.00
# Visual Studio Version 17
VisualStudioVersion = 17.10.35013.160
MinimumVisualStudioVersion = 10.0.40219.1
Project("{FAE04EC0-301F-11D3-BF4B-00C04F79EFBC}") = "MarcSyncCSharp", "MarcSyncCSharp\MarcSyncCSharp.csproj", "{327055E4-E0D6-492C-A612-46374555EEC1}"
EndProject
Global
	GlobalSection(SolutionConfigurationPlatforms) = preSolution
		Debug|Any CPU = Debug|Any CPU
		Release|Any CPU = Release|Any CPU
	EndGlobalSection
	GlobalSection(ProjectConfigurationPlatforms) = postSolution
		{327055E4-E0D6-492C-A612-46374555EEC1}.Debug|Any CPU.ActiveCfg = Debug|Any CPU
		{327055E4-E0D6-492C-A612-46374555EEC1}.Debug|Any CPU.Build.0 = Debug|Any CPU
		{327055E4-E0D6-492C-A612-46374555EEC1}.Release|Any CPU.ActiveCfg = Release|Any CPU
		{327055E4-E0D6-492C-A612-46374555EEC1}.Release|Any CPU.Build.0 = Release|Any CPU
	EndGlobalSection
	GlobalSection(SolutionProperties) = preSolution
		HideSolutionNode = FALSE
	EndGlobalSection
	GlobalSection(ExtensibilityGlobals) = postSolution
		SolutionGuid = {64999FBB-5A30-4FED-B46C-ED4713A73C0C}
	EndGlobalSection
EndGlobal
